
Microsoft Visual Studio Solution File, Format Version 12.00
# Visual Studio Version 17
VisualStudioVersion = 17.6.33801.468
MinimumVisualStudioVersion = 10.0.40219.1
Project("{FAE04EC0-301F-11D3-BF4B-00C04F79EFBC}") = "registration", "registration\registration.csproj", "{2E84D735-0A9C-4048-8B4C-F0AF1D4BA045}"
EndProject
Global
	GlobalSection(SolutionConfigurationPlatforms) = preSolution
		Debug|Any CPU = Debug|Any CPU
		Release|Any CPU = Release|Any CPU
	EndGlobalSection
	GlobalSection(ProjectConfigurationPlatforms) = postSolution
		{2E84D735-0A9C-4048-8B4C-F0AF1D4BA045}.Debug|Any CPU.ActiveCfg = Debug|Any CPU
		{2E84D735-0A9C-4048-8B4C-F0AF1D4BA045}.Debug|Any CPU.Build.0 = Debug|Any CPU
		{2E84D735-0A9C-4048-8B4C-F0AF1D4BA045}.Release|Any CPU.ActiveCfg = Release|Any CPU
		{2E84D735-0A9C-4048-8B4C-F0AF1D4BA045}.Release|Any CPU.Build.0 = Release|Any CPU
	EndGlobalSection
	GlobalSection(SolutionProperties) = preSolution
		HideSolutionNode = FALSE
	EndGlobalSection
	GlobalSection(ExtensibilityGlobals) = postSolution
		SolutionGuid = {76818DAC-96C5-44B9-8D96-C2F70CBD85C5}
	EndGlobalSection
EndGlobal
