
Microsoft Visual Studio Solution File, Format Version 12.00
# Visual Studio Version 17
VisualStudioVersion = 17.6.33801.468
MinimumVisualStudioVersion = 10.0.40219.1
Project("{FAE04EC0-301F-11D3-BF4B-00C04F79EFBC}") = "WebApplication2", "WebApplication2\WebApplication2.csproj", "{A967AAE1-BFEC-4B1A-8347-73A58BE92781}"
EndProject
Global
	GlobalSection(SolutionConfigurationPlatforms) = preSolution
		Debug|Any CPU = Debug|Any CPU
		Release|Any CPU = Release|Any CPU
	EndGlobalSection
	GlobalSection(ProjectConfigurationPlatforms) = postSolution
		{A967AAE1-BFEC-4B1A-8347-73A58BE92781}.Debug|Any CPU.ActiveCfg = Debug|Any CPU
		{A967AAE1-BFEC-4B1A-8347-73A58BE92781}.Debug|Any CPU.Build.0 = Debug|Any CPU
		{A967AAE1-BFEC-4B1A-8347-73A58BE92781}.Release|Any CPU.ActiveCfg = Release|Any CPU
		{A967AAE1-BFEC-4B1A-8347-73A58BE92781}.Release|Any CPU.Build.0 = Release|Any CPU
	EndGlobalSection
	GlobalSection(SolutionProperties) = preSolution
		HideSolutionNode = FALSE
	EndGlobalSection
	GlobalSection(ExtensibilityGlobals) = postSolution
		SolutionGuid = {E274F49A-8DD4-43E9-99CA-1927C1A44C3C}
	EndGlobalSection
EndGlobal
